// !$*UTF8*$!
{
	archiveVersion = 1;
	classes = {
	};
	objectVersion = 50;
	objects = {

/* Begin PBXBuildFile section */
		441BF89F231681580032E751 /* AppDelegate.swift in Sources */ = {isa = PBXBuildFile; fileRef = 441BF89E231681580032E751 /* AppDelegate.swift */; };
		441BF8A1231681580032E751 /* CategoriesViewController.swift in Sources */ = {isa = PBXBuildFile; fileRef = 441BF8A0231681580032E751 /* CategoriesViewController.swift */; };
		441BF8A4231681580032E751 /* Main.storyboard in Resources */ = {isa = PBXBuildFile; fileRef = 441BF8A2231681580032E751 /* Main.storyboard */; };
		441BF8A7231681580032E751 /* Braigo_ios_app.xcdatamodeld in Sources */ = {isa = PBXBuildFile; fileRef = 441BF8A5231681580032E751 /* Braigo_ios_app.xcdatamodeld */; };
		441BF8A9231681590032E751 /* Assets.xcassets in Resources */ = {isa = PBXBuildFile; fileRef = 441BF8A8231681590032E751 /* Assets.xcassets */; };
		441BF8AC231681590032E751 /* LaunchScreen.storyboard in Resources */ = {isa = PBXBuildFile; fileRef = 441BF8AA231681590032E751 /* LaunchScreen.storyboard */; };
		441BF8B82316934E0032E751 /* CategoryCell.swift in Sources */ = {isa = PBXBuildFile; fileRef = 441BF8B72316934E0032E751 /* CategoryCell.swift */; };
		441BF8BA2316973E0032E751 /* Category.swift in Sources */ = {isa = PBXBuildFile; fileRef = 441BF8B92316973E0032E751 /* Category.swift */; };
		441BF8BD23169BDB0032E751 /* DataServices.swift in Sources */ = {isa = PBXBuildFile; fileRef = 441BF8BC23169BDB0032E751 /* DataServices.swift */; };
		44E14F98231E98940090BBCF /* ProductsViewController.swift in Sources */ = {isa = PBXBuildFile; fileRef = 44E14F97231E98940090BBCF /* ProductsViewController.swift */; };
		44FF013A231E442C001B9D2B /* ProductCell.swift in Sources */ = {isa = PBXBuildFile; fileRef = 44FF0139231E442C001B9D2B /* ProductCell.swift */; };
		44FF013C231E49BE001B9D2B /* Product.swift in Sources */ = {isa = PBXBuildFile; fileRef = 44FF013B231E49BE001B9D2B /* Product.swift */; };
/* End PBXBuildFile section */

/* Begin PBXFileReference section */
		441BF89B231681580032E751 /* Braigo-ios-app.app */ = {isa = PBXFileReference; explicitFileType = wrapper.application; includeInIndex = 0; path = "Braigo-ios-app.app"; sourceTree = BUILT_PRODUCTS_DIR; };
		441BF89E231681580032E751 /* AppDelegate.swift */ = {isa = PBXFileReference; lastKnownFileType = sourcecode.swift; path = AppDelegate.swift; sourceTree = "<group>"; };
		441BF8A0231681580032E751 /* CategoriesViewController.swift */ = {isa = PBXFileReference; lastKnownFileType = sourcecode.swift; path = CategoriesViewController.swift; sourceTree = "<group>"; };
		441BF8A3231681580032E751 /* Base */ = {isa = PBXFileReference; lastKnownFileType = file.storyboard; name = Base; path = Base.lproj/Main.storyboard; sourceTree = "<group>"; };
		441BF8A6231681580032E751 /* Braigo_ios_app.xcdatamodel */ = {isa = PBXFileReference; lastKnownFileType = wrapper.xcdatamodel; path = Braigo_ios_app.xcdatamodel; sourceTree = "<group>"; };
		441BF8A8231681590032E751 /* Assets.xcassets */ = {isa = PBXFileReference; lastKnownFileType = folder.assetcatalog; path = Assets.xcassets; sourceTree = "<group>"; };
		441BF8AB231681590032E751 /* Base */ = {isa = PBXFileReference; lastKnownFileType = file.storyboard; name = Base; path = Base.lproj/LaunchScreen.storyboard; sourceTree = "<group>"; };
		441BF8AD231681590032E751 /* Info.plist */ = {isa = PBXFileReference; lastKnownFileType = text.plist.xml; path = Info.plist; sourceTree = "<group>"; };
		441BF8B72316934E0032E751 /* CategoryCell.swift */ = {isa = PBXFileReference; lastKnownFileType = sourcecode.swift; path = CategoryCell.swift; sourceTree = "<group>"; };
		441BF8B92316973E0032E751 /* Category.swift */ = {isa = PBXFileReference; lastKnownFileType = sourcecode.swift; path = Category.swift; sourceTree = "<group>"; };
		441BF8BC23169BDB0032E751 /* DataServices.swift */ = {isa = PBXFileReference; lastKnownFileType = sourcecode.swift; path = DataServices.swift; sourceTree = "<group>"; };
		44E14F97231E98940090BBCF /* ProductsViewController.swift */ = {isa = PBXFileReference; lastKnownFileType = sourcecode.swift; path = ProductsViewController.swift; sourceTree = "<group>"; };
		44FF0139231E442C001B9D2B /* ProductCell.swift */ = {isa = PBXFileReference; lastKnownFileType = sourcecode.swift; path = ProductCell.swift; sourceTree = "<group>"; };
		44FF013B231E49BE001B9D2B /* Product.swift */ = {isa = PBXFileReference; lastKnownFileType = sourcecode.swift; path = Product.swift; sourceTree = "<group>"; };
/* End PBXFileReference section */

/* Begin PBXFrameworksBuildPhase section */
		441BF898231681580032E751 /* Frameworks */ = {
			isa = PBXFrameworksBuildPhase;
			buildActionMask = 2147483647;
			files = (
			);
			runOnlyForDeploymentPostprocessing = 0;
		};
/* End PBXFrameworksBuildPhase section */

/* Begin PBXGroup section */
		441BF892231681580032E751 = {
			isa = PBXGroup;
			children = (
				441BF89D231681580032E751 /* Braigo-ios-app */,
				441BF8B4231692120032E751 /* Support Files */,
				441BF89C231681580032E751 /* Products */,
			);
			sourceTree = "<group>";
		};
		441BF89C231681580032E751 /* Products */ = {
			isa = PBXGroup;
			children = (
				441BF89B231681580032E751 /* Braigo-ios-app.app */,
			);
			name = Products;
			sourceTree = "<group>";
		};
		441BF89D231681580032E751 /* Braigo-ios-app */ = {
			isa = PBXGroup;
			children = (
				441BF8BB23169BC50032E751 /* Services */,
				441BF8B6231692490032E751 /* Model */,
				441BF8B3231691FB0032E751 /* Controller */,
				441BF8B52316923A0032E751 /* View */,
				441BF8A2231681580032E751 /* Main.storyboard */,
				441BF8AD231681590032E751 /* Info.plist */,
			);
			path = "Braigo-ios-app";
			sourceTree = "<group>";
		};
		441BF8B3231691FB0032E751 /* Controller */ = {
			isa = PBXGroup;
			children = (
				441BF8A0231681580032E751 /* CategoriesViewController.swift */,
				44E14F97231E98940090BBCF /* ProductsViewController.swift */,
			);
			path = Controller;
			sourceTree = "<group>";
		};
		441BF8B4231692120032E751 /* Support Files */ = {
			isa = PBXGroup;
			children = (
				441BF89E231681580032E751 /* AppDelegate.swift */,
				441BF8A8231681590032E751 /* Assets.xcassets */,
				441BF8AA231681590032E751 /* LaunchScreen.storyboard */,
				441BF8A5231681580032E751 /* Braigo_ios_app.xcdatamodeld */,
			);
			path = "Support Files";
			sourceTree = "<group>";
		};
		441BF8B52316923A0032E751 /* View */ = {
			isa = PBXGroup;
			children = (
				441BF8B72316934E0032E751 /* CategoryCell.swift */,
				44FF0139231E442C001B9D2B /* ProductCell.swift */,
			);
			path = View;
			sourceTree = "<group>";
		};
		441BF8B6231692490032E751 /* Model */ = {
			isa = PBXGroup;
			children = (
				441BF8B92316973E0032E751 /* Category.swift */,
				44FF013B231E49BE001B9D2B /* Product.swift */,
			);
			path = Model;
			sourceTree = "<group>";
		};
		441BF8BB23169BC50032E751 /* Services */ = {
			isa = PBXGroup;
			children = (
				441BF8BC23169BDB0032E751 /* DataServices.swift */,
			);
			path = Services;
			sourceTree = "<group>";
		};
/* End PBXGroup section */

/* Begin PBXNativeTarget section */
		441BF89A231681580032E751 /* Braigo-ios-app */ = {
			isa = PBXNativeTarget;
			buildConfigurationList = 441BF8B0231681590032E751 /* Build configuration list for PBXNativeTarget "Braigo-ios-app" */;
			buildPhases = (
				441BF897231681580032E751 /* Sources */,
				441BF898231681580032E751 /* Frameworks */,
				441BF899231681580032E751 /* Resources */,
			);
			buildRules = (
			);
			dependencies = (
			);
			name = "Braigo-ios-app";
			productName = "Braigo-ios-app";
			productReference = 441BF89B231681580032E751 /* Braigo-ios-app.app */;
			productType = "com.apple.product-type.application";
		};
/* End PBXNativeTarget section */

/* Begin PBXProject section */
		441BF893231681580032E751 /* Project object */ = {
			isa = PBXProject;
			attributes = {
				LastSwiftUpdateCheck = 1010;
				LastUpgradeCheck = 1010;
				ORGANIZATIONNAME = Winston;
				TargetAttributes = {
					441BF89A231681580032E751 = {
						CreatedOnToolsVersion = 10.1;
					};
				};
			};
			buildConfigurationList = 441BF896231681580032E751 /* Build configuration list for PBXProject "Braigo-ios-app" */;
			compatibilityVersion = "Xcode 9.3";
			developmentRegion = en;
			hasScannedForEncodings = 0;
			knownRegions = (
				en,
				Base,
			);
			mainGroup = 441BF892231681580032E751;
			productRefGroup = 441BF89C231681580032E751 /* Products */;
			projectDirPath = "";
			projectRoot = "";
			targets = (
				441BF89A231681580032E751 /* Braigo-ios-app */,
			);
		};
/* End PBXProject section */

/* Begin PBXResourcesBuildPhase section */
		441BF899231681580032E751 /* Resources */ = {
			isa = PBXResourcesBuildPhase;
			buildActionMask = 2147483647;
			files = (
				441BF8AC231681590032E751 /* LaunchScreen.storyboard in Resources */,
				441BF8A9231681590032E751 /* Assets.xcassets in Resources */,
				441BF8A4231681580032E751 /* Main.storyboard in Resources */,
			);
			runOnlyForDeploymentPostprocessing = 0;
		};
/* End PBXResourcesBuildPhase section */

/* Begin PBXSourcesBuildPhase section */
		441BF897231681580032E751 /* Sources */ = {
			isa = PBXSourcesBuildPhase;
			buildActionMask = 2147483647;
			files = (
				441BF8A1231681580032E751 /* CategoriesViewController.swift in Sources */,
				44FF013C231E49BE001B9D2B /* Product.swift in Sources */,
				441BF8BA2316973E0032E751 /* Category.swift in Sources */,
				441BF8A7231681580032E751 /* Braigo_ios_app.xcdatamodeld in Sources */,
				441BF8BD23169BDB0032E751 /* DataServices.swift in Sources */,
				441BF89F231681580032E751 /* AppDelegate.swift in Sources */,
				44E14F98231E98940090BBCF /* ProductsViewController.swift in Sources */,
				44FF013A231E442C001B9D2B /* ProductCell.swift in Sources */,
				441BF8B82316934E0032E751 /* CategoryCell.swift in Sources */,
			);
			runOnlyForDeploymentPostprocessing = 0;
		};
/* End PBXSourcesBuildPhase section */

/* Begin PBXVariantGroup section */
		441BF8A2231681580032E751 /* Main.storyboard */ = {
			isa = PBXVariantGroup;
			children = (
				441BF8A3231681580032E751 /* Base */,
			);
			name = Main.storyboard;
			sourceTree = "<group>";
		};
		441BF8AA231681590032E751 /* LaunchScreen.storyboard */ = {
			isa = PBXVariantGroup;
			children = (
				441BF8AB231681590032E751 /* Base */,
			);
			name = LaunchScreen.storyboard;
			sourceTree = "<group>";
		};
/* End PBXVariantGroup section */

/* Begin XCBuildConfiguration section */
		441BF8AE231681590032E751 /* Debug */ = {
			isa = XCBuildConfiguration;
			buildSettings = {
				ALWAYS_SEARCH_USER_PATHS = NO;
				CLANG_ANALYZER_NONNULL = YES;
				CLANG_ANALYZER_NUMBER_OBJECT_CONVERSION = YES_AGGRESSIVE;
				CLANG_CXX_LANGUAGE_STANDARD = "gnu++14";
				CLANG_CXX_LIBRARY = "libc++";
				CLANG_ENABLE_MODULES = YES;
				CLANG_ENABLE_OBJC_ARC = YES;
				CLANG_ENABLE_OBJC_WEAK = YES;
				CLANG_WARN_BLOCK_CAPTURE_AUTORELEASING = YES;
				CLANG_WARN_BOOL_CONVERSION = YES;
				CLANG_WARN_COMMA = YES;
				CLANG_WARN_CONSTANT_CONVERSION = YES;
				CLANG_WARN_DEPRECATED_OBJC_IMPLEMENTATIONS = YES;
				CLANG_WARN_DIRECT_OBJC_ISA_USAGE = YES_ERROR;
				CLANG_WARN_DOCUMENTATION_COMMENTS = YES;
				CLANG_WARN_EMPTY_BODY = YES;
				CLANG_WARN_ENUM_CONVERSION = YES;
				CLANG_WARN_INFINITE_RECURSION = YES;
				CLANG_WARN_INT_CONVERSION = YES;
				CLANG_WARN_NON_LITERAL_NULL_CONVERSION = YES;
				CLANG_WARN_OBJC_IMPLICIT_RETAIN_SELF = YES;
				CLANG_WARN_OBJC_LITERAL_CONVERSION = YES;
				CLANG_WARN_OBJC_ROOT_CLASS = YES_ERROR;
				CLANG_WARN_RANGE_LOOP_ANALYSIS = YES;
				CLANG_WARN_STRICT_PROTOTYPES = YES;
				CLANG_WARN_SUSPICIOUS_MOVE = YES;
				CLANG_WARN_UNGUARDED_AVAILABILITY = YES_AGGRESSIVE;
				CLANG_WARN_UNREACHABLE_CODE = YES;
				CLANG_WARN__DUPLICATE_METHOD_MATCH = YES;
				CODE_SIGN_IDENTITY = "iPhone Developer";
				COPY_PHASE_STRIP = NO;
				DEBUG_INFORMATION_FORMAT = dwarf;
				ENABLE_STRICT_OBJC_MSGSEND = YES;
				ENABLE_TESTABILITY = YES;
				GCC_C_LANGUAGE_STANDARD = gnu11;
				GCC_DYNAMIC_NO_PIC = NO;
				GCC_NO_COMMON_BLOCKS = YES;
				GCC_OPTIMIZATION_LEVEL = 0;
				GCC_PREPROCESSOR_DEFINITIONS = (
					"DEBUG=1",
					"$(inherited)",
				);
				GCC_WARN_64_TO_32_BIT_CONVERSION = YES;
				GCC_WARN_ABOUT_RETURN_TYPE = YES_ERROR;
				GCC_WARN_UNDECLARED_SELECTOR = YES;
				GCC_WARN_UNINITIALIZED_AUTOS = YES_AGGRESSIVE;
				GCC_WARN_UNUSED_FUNCTION = YES;
				GCC_WARN_UNUSED_VARIABLE = YES;
				IPHONEOS_DEPLOYMENT_TARGET = 12.1;
				MTL_ENABLE_DEBUG_INFO = INCLUDE_SOURCE;
				MTL_FAST_MATH = YES;
				ONLY_ACTIVE_ARCH = YES;
				SDKROOT = iphoneos;
				SWIFT_ACTIVE_COMPILATION_CONDITIONS = DEBUG;
				SWIFT_OPTIMIZATION_LEVEL = "-Onone";
			};
			name = Debug;
		};
		441BF8AF231681590032E751 /* Release */ = {
			isa = XCBuildConfiguration;
			buildSettings = {
				ALWAYS_SEARCH_USER_PATHS = NO;
				CLANG_ANALYZER_NONNULL = YES;
				CLANG_ANALYZER_NUMBER_OBJECT_CONVERSION = YES_AGGRESSIVE;
				CLANG_CXX_LANGUAGE_STANDARD = "gnu++14";
				CLANG_CXX_LIBRARY = "libc++";
				CLANG_ENABLE_MODULES = YES;
				CLANG_ENABLE_OBJC_ARC = YES;
				CLANG_ENABLE_OBJC_WEAK = YES;
				CLANG_WARN_BLOCK_CAPTURE_AUTORELEASING = YES;
				CLANG_WARN_BOOL_CONVERSION = YES;
				CLANG_WARN_COMMA = YES;
				CLANG_WARN_CONSTANT_CONVERSION = YES;
				CLANG_WARN_DEPRECATED_OBJC_IMPLEMENTATIONS = YES;
				CLANG_WARN_DIRECT_OBJC_ISA_USAGE = YES_ERROR;
				CLANG_WARN_DOCUMENTATION_COMMENTS = YES;
				CLANG_WARN_EMPTY_BODY = YES;
				CLANG_WARN_ENUM_CONVERSION = YES;
				CLANG_WARN_INFINITE_RECURSION = YES;
				CLANG_WARN_INT_CONVERSION = YES;
				CLANG_WARN_NON_LITERAL_NULL_CONVERSION = YES;
				CLANG_WARN_OBJC_IMPLICIT_RETAIN_SELF = YES;
				CLANG_WARN_OBJC_LITERAL_CONVERSION = YES;
				CLANG_WARN_OBJC_ROOT_CLASS = YES_ERROR;
				CLANG_WARN_RANGE_LOOP_ANALYSIS = YES;
				CLANG_WARN_STRICT_PROTOTYPES = YES;
				CLANG_WARN_SUSPICIOUS_MOVE = YES;
				CLANG_WARN_UNGUARDED_AVAILABILITY = YES_AGGRESSIVE;
				CLANG_WARN_UNREACHABLE_CODE = YES;
				CLANG_WARN__DUPLICATE_METHOD_MATCH = YES;
				CODE_SIGN_IDENTITY = "iPhone Developer";
				COPY_PHASE_STRIP = NO;
				DEBUG_INFORMATION_FORMAT = "dwarf-with-dsym";
				ENABLE_NS_ASSERTIONS = NO;
				ENABLE_STRICT_OBJC_MSGSEND = YES;
				GCC_C_LANGUAGE_STANDARD = gnu11;
				GCC_NO_COMMON_BLOCKS = YES;
				GCC_WARN_64_TO_32_BIT_CONVERSION = YES;
				GCC_WARN_ABOUT_RETURN_TYPE = YES_ERROR;
				GCC_WARN_UNDECLARED_SELECTOR = YES;
				GCC_WARN_UNINITIALIZED_AUTOS = YES_AGGRESSIVE;
				GCC_WARN_UNUSED_FUNCTION = YES;
				GCC_WARN_UNUSED_VARIABLE = YES;
				IPHONEOS_DEPLOYMENT_TARGET = 12.1;
				MTL_ENABLE_DEBUG_INFO = NO;
				MTL_FAST_MATH = YES;
				SDKROOT = iphoneos;
				SWIFT_COMPILATION_MODE = wholemodule;
				SWIFT_OPTIMIZATION_LEVEL = "-O";
				VALIDATE_PRODUCT = YES;
			};
			name = Release;
		};
		441BF8B1231681590032E751 /* Debug */ = {
			isa = XCBuildConfiguration;
			buildSettings = {
				ASSETCATALOG_COMPILER_APPICON_NAME = AppIcon;
				CODE_SIGN_STYLE = Automatic;
				INFOPLIST_FILE = "Braigo-ios-app/Info.plist";
				LD_RUNPATH_SEARCH_PATHS = (
					"$(inherited)",
					"@executable_path/Frameworks",
				);
				PRODUCT_BUNDLE_IDENTIFIER = "IDev.Braigo-ios-app";
				PRODUCT_NAME = "$(TARGET_NAME)";
				SWIFT_VERSION = 4.2;
				TARGETED_DEVICE_FAMILY = "1,2";
			};
			name = Debug;
		};
		441BF8B2231681590032E751 /* Release */ = {
			isa = XCBuildConfiguration;
			buildSettings = {
				ASSETCATALOG_COMPILER_APPICON_NAME = AppIcon;
				CODE_SIGN_STYLE = Automatic;
				INFOPLIST_FILE = "Braigo-ios-app/Info.plist";
				LD_RUNPATH_SEARCH_PATHS = (
					"$(inherited)",
					"@executable_path/Frameworks",
				);
				PRODUCT_BUNDLE_IDENTIFIER = "IDev.Braigo-ios-app";
				PRODUCT_NAME = "$(TARGET_NAME)";
				SWIFT_VERSION = 4.2;
				TARGETED_DEVICE_FAMILY = "1,2";
			};
			name = Release;
		};
/* End XCBuildConfiguration section */

/* Begin XCConfigurationList section */
		441BF896231681580032E751 /* Build configuration list for PBXProject "Braigo-ios-app" */ = {
			isa = XCConfigurationList;
			buildConfigurations = (
				441BF8AE231681590032E751 /* Debug */,
				441BF8AF231681590032E751 /* Release */,
			);
			defaultConfigurationIsVisible = 0;
			defaultConfigurationName = Release;
		};
		441BF8B0231681590032E751 /* Build configuration list for PBXNativeTarget "Braigo-ios-app" */ = {
			isa = XCConfigurationList;
			buildConfigurations = (
				441BF8B1231681590032E751 /* Debug */,
				441BF8B2231681590032E751 /* Release */,
			);
			defaultConfigurationIsVisible = 0;
			defaultConfigurationName = Release;
		};
/* End XCConfigurationList section */

/* Begin XCVersionGroup section */
		441BF8A5231681580032E751 /* Braigo_ios_app.xcdatamodeld */ = {
			isa = XCVersionGroup;
			children = (
				441BF8A6231681580032E751 /* Braigo_ios_app.xcdatamodel */,
			);
			currentVersion = 441BF8A6231681580032E751 /* Braigo_ios_app.xcdatamodel */;
			path = Braigo_ios_app.xcdatamodeld;
			sourceTree = "<group>";
			versionGroupType = wrapper.xcdatamodel;
		};
/* End XCVersionGroup section */
	};
	rootObject = 441BF893231681580032E751 /* Project object */;
}
